
Microsoft Visual Studio Solution File, Format Version 12.00
# Visual Studio 15
VisualStudioVersion = 15.0.26124.0
MinimumVisualStudioVersion = 15.0.26124.0
Project("{2150E333-8FDC-42A3-9474-1A3956D46DE8}") = "src", "src", "{80C4ADA8-635B-4C65-97AA-CEF1EDF80B67}"
EndProject
Project("{2150E333-8FDC-42A3-9474-1A3956D46DE8}") = "Core", "Core", "{C01A12D3-8B8A-4830-B640-7E22918B47FD}"
EndProject
Project("{FAE04EC0-301F-11D3-BF4B-00C04F79EFBC}") = "Weatherex.Application", "src\Core\Weatherex.Application\Weatherex.Application.csproj", "{A57C1A3E-9B83-4655-8DBD-EEE88DEFB2F2}"
EndProject
Project("{FAE04EC0-301F-11D3-BF4B-00C04F79EFBC}") = "Weatherex.Domain", "src\Core\Weatherex.Domain\Weatherex.Domain.csproj", "{CAF83EB0-5070-45FA-97AD-7B06C087A553}"
EndProject
Project("{2150E333-8FDC-42A3-9474-1A3956D46DE8}") = "Infrastructure", "Infrastructure", "{85AA7EDD-BF67-4992-8BEB-544B0D423EA2}"
EndProject
Project("{FAE04EC0-301F-11D3-BF4B-00C04F79EFBC}") = "Weatherex.Identity", "src\Infrastructure\Weatherex.Identity\Weatherex.Identity.csproj", "{934C667B-8C2C-41A3-B681-DA35D6D68B09}"
EndProject
Project("{2150E333-8FDC-42A3-9474-1A3956D46DE8}") = "Web", "Web", "{D266C518-9F9C-4F0B-8183-42E4872C8321}"
EndProject
Project("{FAE04EC0-301F-11D3-BF4B-00C04F79EFBC}") = "Weatherex.Api", "src\Web\Weatherex.Api\Weatherex.Api.csproj", "{7724B420-28CF-42FE-BD76-3B894817EEE3}"
EndProject
Project("{FAE04EC0-301F-11D3-BF4B-00C04F79EFBC}") = "Weatherex.Infrastructure", "src\Infrastructure\Weatherex.Infrastructure\Weatherex.Infrastructure.csproj", "{D4F10908-9E78-496A-8CE4-2BAAF61BC076}"
EndProject
Global
	GlobalSection(SolutionConfigurationPlatforms) = preSolution
		Debug|Any CPU = Debug|Any CPU
		Debug|x64 = Debug|x64
		Debug|x86 = Debug|x86
		Release|Any CPU = Release|Any CPU
		Release|x64 = Release|x64
		Release|x86 = Release|x86
	EndGlobalSection
	GlobalSection(SolutionProperties) = preSolution
		HideSolutionNode = FALSE
	EndGlobalSection
	GlobalSection(ProjectConfigurationPlatforms) = postSolution
		{A57C1A3E-9B83-4655-8DBD-EEE88DEFB2F2}.Debug|Any CPU.ActiveCfg = Debug|Any CPU
		{A57C1A3E-9B83-4655-8DBD-EEE88DEFB2F2}.Debug|Any CPU.Build.0 = Debug|Any CPU
		{A57C1A3E-9B83-4655-8DBD-EEE88DEFB2F2}.Debug|x64.ActiveCfg = Debug|Any CPU
		{A57C1A3E-9B83-4655-8DBD-EEE88DEFB2F2}.Debug|x64.Build.0 = Debug|Any CPU
		{A57C1A3E-9B83-4655-8DBD-EEE88DEFB2F2}.Debug|x86.ActiveCfg = Debug|Any CPU
		{A57C1A3E-9B83-4655-8DBD-EEE88DEFB2F2}.Debug|x86.Build.0 = Debug|Any CPU
		{A57C1A3E-9B83-4655-8DBD-EEE88DEFB2F2}.Release|Any CPU.ActiveCfg = Release|Any CPU
		{A57C1A3E-9B83-4655-8DBD-EEE88DEFB2F2}.Release|Any CPU.Build.0 = Release|Any CPU
		{A57C1A3E-9B83-4655-8DBD-EEE88DEFB2F2}.Release|x64.ActiveCfg = Release|Any CPU
		{A57C1A3E-9B83-4655-8DBD-EEE88DEFB2F2}.Release|x64.Build.0 = Release|Any CPU
		{A57C1A3E-9B83-4655-8DBD-EEE88DEFB2F2}.Release|x86.ActiveCfg = Release|Any CPU
		{A57C1A3E-9B83-4655-8DBD-EEE88DEFB2F2}.Release|x86.Build.0 = Release|Any CPU
		{CAF83EB0-5070-45FA-97AD-7B06C087A553}.Debug|Any CPU.ActiveCfg = Debug|Any CPU
		{CAF83EB0-5070-45FA-97AD-7B06C087A553}.Debug|Any CPU.Build.0 = Debug|Any CPU
		{CAF83EB0-5070-45FA-97AD-7B06C087A553}.Debug|x64.ActiveCfg = Debug|Any CPU
		{CAF83EB0-5070-45FA-97AD-7B06C087A553}.Debug|x64.Build.0 = Debug|Any CPU
		{CAF83EB0-5070-45FA-97AD-7B06C087A553}.Debug|x86.ActiveCfg = Debug|Any CPU
		{CAF83EB0-5070-45FA-97AD-7B06C087A553}.Debug|x86.Build.0 = Debug|Any CPU
		{CAF83EB0-5070-45FA-97AD-7B06C087A553}.Release|Any CPU.ActiveCfg = Release|Any CPU
		{CAF83EB0-5070-45FA-97AD-7B06C087A553}.Release|Any CPU.Build.0 = Release|Any CPU
		{CAF83EB0-5070-45FA-97AD-7B06C087A553}.Release|x64.ActiveCfg = Release|Any CPU
		{CAF83EB0-5070-45FA-97AD-7B06C087A553}.Release|x64.Build.0 = Release|Any CPU
		{CAF83EB0-5070-45FA-97AD-7B06C087A553}.Release|x86.ActiveCfg = Release|Any CPU
		{CAF83EB0-5070-45FA-97AD-7B06C087A553}.Release|x86.Build.0 = Release|Any CPU
		{934C667B-8C2C-41A3-B681-DA35D6D68B09}.Debug|Any CPU.ActiveCfg = Debug|Any CPU
		{934C667B-8C2C-41A3-B681-DA35D6D68B09}.Debug|Any CPU.Build.0 = Debug|Any CPU
		{934C667B-8C2C-41A3-B681-DA35D6D68B09}.Debug|x64.ActiveCfg = Debug|Any CPU
		{934C667B-8C2C-41A3-B681-DA35D6D68B09}.Debug|x64.Build.0 = Debug|Any CPU
		{934C667B-8C2C-41A3-B681-DA35D6D68B09}.Debug|x86.ActiveCfg = Debug|Any CPU
		{934C667B-8C2C-41A3-B681-DA35D6D68B09}.Debug|x86.Build.0 = Debug|Any CPU
		{934C667B-8C2C-41A3-B681-DA35D6D68B09}.Release|Any CPU.ActiveCfg = Release|Any CPU
		{934C667B-8C2C-41A3-B681-DA35D6D68B09}.Release|Any CPU.Build.0 = Release|Any CPU
		{934C667B-8C2C-41A3-B681-DA35D6D68B09}.Release|x64.ActiveCfg = Release|Any CPU
		{934C667B-8C2C-41A3-B681-DA35D6D68B09}.Release|x64.Build.0 = Release|Any CPU
		{934C667B-8C2C-41A3-B681-DA35D6D68B09}.Release|x86.ActiveCfg = Release|Any CPU
		{934C667B-8C2C-41A3-B681-DA35D6D68B09}.Release|x86.Build.0 = Release|Any CPU
		{7724B420-28CF-42FE-BD76-3B894817EEE3}.Debug|Any CPU.ActiveCfg = Debug|Any CPU
		{7724B420-28CF-42FE-BD76-3B894817EEE3}.Debug|Any CPU.Build.0 = Debug|Any CPU
		{7724B420-28CF-42FE-BD76-3B894817EEE3}.Debug|x64.ActiveCfg = Debug|Any CPU
		{7724B420-28CF-42FE-BD76-3B894817EEE3}.Debug|x64.Build.0 = Debug|Any CPU
		{7724B420-28CF-42FE-BD76-3B894817EEE3}.Debug|x86.ActiveCfg = Debug|Any CPU
		{7724B420-28CF-42FE-BD76-3B894817EEE3}.Debug|x86.Build.0 = Debug|Any CPU
		{7724B420-28CF-42FE-BD76-3B894817EEE3}.Release|Any CPU.ActiveCfg = Release|Any CPU
		{7724B420-28CF-42FE-BD76-3B894817EEE3}.Release|Any CPU.Build.0 = Release|Any CPU
		{7724B420-28CF-42FE-BD76-3B894817EEE3}.Release|x64.ActiveCfg = Release|Any CPU
		{7724B420-28CF-42FE-BD76-3B894817EEE3}.Release|x64.Build.0 = Release|Any CPU
		{7724B420-28CF-42FE-BD76-3B894817EEE3}.Release|x86.ActiveCfg = Release|Any CPU
		{7724B420-28CF-42FE-BD76-3B894817EEE3}.Release|x86.Build.0 = Release|Any CPU
		{D4F10908-9E78-496A-8CE4-2BAAF61BC076}.Debug|Any CPU.ActiveCfg = Debug|Any CPU
		{D4F10908-9E78-496A-8CE4-2BAAF61BC076}.Debug|Any CPU.Build.0 = Debug|Any CPU
		{D4F10908-9E78-496A-8CE4-2BAAF61BC076}.Debug|x64.ActiveCfg = Debug|Any CPU
		{D4F10908-9E78-496A-8CE4-2BAAF61BC076}.Debug|x64.Build.0 = Debug|Any CPU
		{D4F10908-9E78-496A-8CE4-2BAAF61BC076}.Debug|x86.ActiveCfg = Debug|Any CPU
		{D4F10908-9E78-496A-8CE4-2BAAF61BC076}.Debug|x86.Build.0 = Debug|Any CPU
		{D4F10908-9E78-496A-8CE4-2BAAF61BC076}.Release|Any CPU.ActiveCfg = Release|Any CPU
		{D4F10908-9E78-496A-8CE4-2BAAF61BC076}.Release|Any CPU.Build.0 = Release|Any CPU
		{D4F10908-9E78-496A-8CE4-2BAAF61BC076}.Release|x64.ActiveCfg = Release|Any CPU
		{D4F10908-9E78-496A-8CE4-2BAAF61BC076}.Release|x64.Build.0 = Release|Any CPU
		{D4F10908-9E78-496A-8CE4-2BAAF61BC076}.Release|x86.ActiveCfg = Release|Any CPU
		{D4F10908-9E78-496A-8CE4-2BAAF61BC076}.Release|x86.Build.0 = Release|Any CPU
	EndGlobalSection
	GlobalSection(NestedProjects) = preSolution
		{C01A12D3-8B8A-4830-B640-7E22918B47FD} = {80C4ADA8-635B-4C65-97AA-CEF1EDF80B67}
		{A57C1A3E-9B83-4655-8DBD-EEE88DEFB2F2} = {C01A12D3-8B8A-4830-B640-7E22918B47FD}
		{CAF83EB0-5070-45FA-97AD-7B06C087A553} = {C01A12D3-8B8A-4830-B640-7E22918B47FD}
		{85AA7EDD-BF67-4992-8BEB-544B0D423EA2} = {80C4ADA8-635B-4C65-97AA-CEF1EDF80B67}
		{934C667B-8C2C-41A3-B681-DA35D6D68B09} = {85AA7EDD-BF67-4992-8BEB-544B0D423EA2}
		{D266C518-9F9C-4F0B-8183-42E4872C8321} = {80C4ADA8-635B-4C65-97AA-CEF1EDF80B67}
		{7724B420-28CF-42FE-BD76-3B894817EEE3} = {D266C518-9F9C-4F0B-8183-42E4872C8321}
		{D4F10908-9E78-496A-8CE4-2BAAF61BC076} = {85AA7EDD-BF67-4992-8BEB-544B0D423EA2}
	EndGlobalSection
EndGlobal
